Microsoft Visual Studio Solution File, Format Version 12.00
# Visual Studio Version 17
VisualStudioVersion = 17.5.2.0
MinimumVisualStudioVersion = 10.0.40219.1
Project("{FAE04EC0-301F-11D3-BF4B-00C04F79EFBC}") = "html", "html\html.csproj", "{78D61AE9-75BA-CEC2-5A80-F18963627F14}"
EndProject
Global
	GlobalSection(SolutionConfigurationPlatforms) = preSolution
		Debug|Any CPU = Debug|Any CPU
		Release|Any CPU = Release|Any CPU
	EndGlobalSection
	GlobalSection(ProjectConfigurationPlatforms) = postSolution
		{78D61AE9-75BA-CEC2-5A80-F18963627F14}.Debug|Any CPU.ActiveCfg = Debug|Any CPU
		{78D61AE9-75BA-CEC2-5A80-F18963627F14}.Debug|Any CPU.Build.0 = Debug|Any CPU
		{78D61AE9-75BA-CEC2-5A80-F18963627F14}.Release|Any CPU.ActiveCfg = Release|Any CPU
		{78D61AE9-75BA-CEC2-5A80-F18963627F14}.Release|Any CPU.Build.0 = Release|Any CPU
	EndGlobalSection
	GlobalSection(SolutionProperties) = preSolution
		HideSolutionNode = FALSE
	EndGlobalSection
	GlobalSection(ExtensibilityGlobals) = postSolution
		SolutionGuid = {F3BA9E36-BF77-41C3-8100-1865E13A36FC}
	EndGlobalSection
EndGlobal
